
Microsoft Visual Studio Solution File, Format Version 12.00
# Visual Studio Version 16
VisualStudioVersion = 16.0.30114.105
MinimumVisualStudioVersion = 10.0.40219.1
Project("{9A19103F-16F7-4668-BE54-9A1E7A4F7556}") = "PhotoMap.Backend", "PhotoMap.Backend\PhotoMap.Backend.csproj", "{1F96ED24-89E2-4BB2-ADBB-FDE2B1D53E58}"
EndProject
Project("{FAE04EC0-301F-11D3-BF4B-00C04F79EFBC}") = "PhotoMap.MobileApp.Android", "PhotoMap.MobileApp\PhotoMap.MobileApp.Android\PhotoMap.MobileApp.Android.csproj", "{D7104200-E387-4950-A894-A11A292E402A}"
EndProject
Project("{FAE04EC0-301F-11D3-BF4B-00C04F79EFBC}") = "PhotoMap.MobileApp", "PhotoMap.MobileApp\PhotoMap.MobileApp\PhotoMap.MobileApp.csproj", "{6F17D184-456C-45A7-B58B-BFA5B45722BE}"
EndProject
Global
	GlobalSection(SolutionConfigurationPlatforms) = preSolution
		Debug|Any CPU = Debug|Any CPU
		Release|Any CPU = Release|Any CPU
	EndGlobalSection
	GlobalSection(ProjectConfigurationPlatforms) = postSolution
		{1F96ED24-89E2-4BB2-ADBB-FDE2B1D53E58}.Debug|Any CPU.ActiveCfg = Debug|Any CPU
		{1F96ED24-89E2-4BB2-ADBB-FDE2B1D53E58}.Debug|Any CPU.Build.0 = Debug|Any CPU
		{1F96ED24-89E2-4BB2-ADBB-FDE2B1D53E58}.Release|Any CPU.ActiveCfg = Release|Any CPU
		{1F96ED24-89E2-4BB2-ADBB-FDE2B1D53E58}.Release|Any CPU.Build.0 = Release|Any CPU
		{D7104200-E387-4950-A894-A11A292E402A}.Debug|Any CPU.ActiveCfg = Debug|Any CPU
		{D7104200-E387-4950-A894-A11A292E402A}.Debug|Any CPU.Build.0 = Debug|Any CPU
		{D7104200-E387-4950-A894-A11A292E402A}.Debug|Any CPU.Deploy.0 = Debug|Any CPU
		{D7104200-E387-4950-A894-A11A292E402A}.Release|Any CPU.ActiveCfg = Release|Any CPU
		{D7104200-E387-4950-A894-A11A292E402A}.Release|Any CPU.Build.0 = Release|Any CPU
		{D7104200-E387-4950-A894-A11A292E402A}.Release|Any CPU.Deploy.0 = Release|Any CPU
		{6F17D184-456C-45A7-B58B-BFA5B45722BE}.Debug|Any CPU.ActiveCfg = Debug|Any CPU
		{6F17D184-456C-45A7-B58B-BFA5B45722BE}.Debug|Any CPU.Build.0 = Debug|Any CPU
		{6F17D184-456C-45A7-B58B-BFA5B45722BE}.Release|Any CPU.ActiveCfg = Release|Any CPU
		{6F17D184-456C-45A7-B58B-BFA5B45722BE}.Release|Any CPU.Build.0 = Release|Any CPU
	EndGlobalSection
	GlobalSection(SolutionProperties) = preSolution
		HideSolutionNode = FALSE
	EndGlobalSection
	GlobalSection(ExtensibilityGlobals) = postSolution
		SolutionGuid = {66795B57-DDA2-4D0B-B19D-BE10CAB92355}
	EndGlobalSection
EndGlobal
